
Microsoft Visual Studio Solution File, Format Version 12.00
# Visual Studio Version 16
VisualStudioVersion = 16.0.30204.135
MinimumVisualStudioVersion = 10.0.40219.1
Project("{8BC9CEB8-8B4A-11D0-8D11-00A0C91BC942}") = "sprintf", "sprintf.vcxproj", "{9747A0CE-12F9-4D20-AA8A-2F81ADBF758F}"
EndProject
Global
	GlobalSection(SolutionConfigurationPlatforms) = preSolution
		Debug|x64 = Debug|x64
		Debug|x86 = Debug|x86
		Release|x64 = Release|x64
		Release|x86 = Release|x86
	EndGlobalSection
	GlobalSection(ProjectConfigurationPlatforms) = postSolution
		{9747A0CE-12F9-4D20-AA8A-2F81ADBF758F}.Debug|x64.ActiveCfg = Debug|x64
		{9747A0CE-12F9-4D20-AA8A-2F81ADBF758F}.Debug|x64.Build.0 = Debug|x64
		{9747A0CE-12F9-4D20-AA8A-2F81ADBF758F}.Debug|x86.ActiveCfg = Debug|Win32
		{9747A0CE-12F9-4D20-AA8A-2F81ADBF758F}.Debug|x86.Build.0 = Debug|Win32
		{9747A0CE-12F9-4D20-AA8A-2F81ADBF758F}.Release|x64.ActiveCfg = Release|x64
		{9747A0CE-12F9-4D20-AA8A-2F81ADBF758F}.Release|x64.Build.0 = Release|x64
		{9747A0CE-12F9-4D20-AA8A-2F81ADBF758F}.Release|x86.ActiveCfg = Release|Win32
		{9747A0CE-12F9-4D20-AA8A-2F81ADBF758F}.Release|x86.Build.0 = Release|Win32
	EndGlobalSection
	GlobalSection(SolutionProperties) = preSolution
		HideSolutionNode = FALSE
	EndGlobalSection
	GlobalSection(ExtensibilityGlobals) = postSolution
		SolutionGuid = {A989BC2E-1CE7-45D0-96F2-113A084F6F3E}
	EndGlobalSection
EndGlobal
